
Microsoft Visual Studio Solution File, Format Version 12.00
# Visual Studio 15
VisualStudioVersion = 15.0.26730.12
MinimumVisualStudioVersion = 10.0.40219.1
Project("{FAE04EC0-301F-11D3-BF4B-00C04F79EFBC}") = "ParalellTestFramework", "ParalellTestFramework\ParalellTestFramework.csproj", "{360876FA-34FF-47A6-9777-1EE4CEDE438F}"
EndProject
Global
	GlobalSection(SolutionConfigurationPlatforms) = preSolution
		Debug|Any CPU = Debug|Any CPU
		Release|Any CPU = Release|Any CPU
	EndGlobalSection
	GlobalSection(ProjectConfigurationPlatforms) = postSolution
		{360876FA-34FF-47A6-9777-1EE4CEDE438F}.Debug|Any CPU.ActiveCfg = Debug|Any CPU
		{360876FA-34FF-47A6-9777-1EE4CEDE438F}.Debug|Any CPU.Build.0 = Debug|Any CPU
		{360876FA-34FF-47A6-9777-1EE4CEDE438F}.Release|Any CPU.ActiveCfg = Release|Any CPU
		{360876FA-34FF-47A6-9777-1EE4CEDE438F}.Release|Any CPU.Build.0 = Release|Any CPU
	EndGlobalSection
	GlobalSection(SolutionProperties) = preSolution
		HideSolutionNode = FALSE
	EndGlobalSection
	GlobalSection(ExtensibilityGlobals) = postSolution
		SolutionGuid = {53B44024-804C-4E16-B609-FA055DFF3AFA}
	EndGlobalSection
EndGlobal
